schema: '2.0'
stages:
  data-ingestion:
    cmd: python src/data/dataingestion.py
    deps:
    - path: src/data/dataingestion.py
      hash: md5
      md5: 17ca29b59075317ecf0c6705e0911e2b
      size: 2711
    outs:
    - path: data/raw
      hash: md5
      md5: 048f57586a28d1cb84e5a110341c98a9.dir
      size: 37842
      nfiles: 3
  datapreprocessing:
    cmd: python src/features/cleaning.py
    deps:
    - path: data/raw
      hash: md5
      md5: 048f57586a28d1cb84e5a110341c98a9.dir
      size: 37842
      nfiles: 3
    - path: src/features/cleaning.py
      hash: md5
      md5: d4354060822b97960a7cc43fa10e4030
      size: 2394
    outs:
    - path: data/processed
      hash: md5
      md5: d22da2da4a3a264eda5276af8f2b5d04.dir
      size: 33035
      nfiles: 2
  dataengineering:
    cmd: python src/features/featureengineering.py
    deps:
    - path: data/processed
      hash: md5
      md5: d22da2da4a3a264eda5276af8f2b5d04.dir
      size: 33035
      nfiles: 2
    - path: src/features/featureengineering.py
      hash: md5
      md5: a4394ea9258b7d7683d267d6d4c77222
      size: 2436
    outs:
    - path: data/featured_data
      hash: md5
      md5: e7dc1f9f10967c84e9dcfba3419295dd.dir
      size: 36056
      nfiles: 2
  model_building:
    cmd: python src/model/model_building.py
    deps:
    - path: data/featured_data
      hash: md5
      md5: e7dc1f9f10967c84e9dcfba3419295dd.dir
      size: 36056
      nfiles: 2
    - path: src/model/model_building.py
      hash: md5
      md5: c81fce0d20e18f8951ca3fa2f55c07f1
      size: 3040
    params:
      params.yaml:
        model_building:
          colsample_bytree: 0.8
          gamma: 0.1
          learning_rate: 0.2
          max_depth: 6
          n_estimators: 100
          reg_alpha: 0
          reg_lambda: 5
          subsample: 0.85
    outs:
    - path: data/interim/X_test_scaled
      hash: md5
      md5: 5771ffc70620324cce8367097391d318
      size: 58241
    - path: reports/model.pkl
      hash: md5
      md5: 422d99a138361456cbd7fe1b055600c5
      size: 187173
  result_submission:
    cmd: python src/model/model_submission.py
    deps:
    - path: data/interim
      hash: md5
      md5: d50970be05a6b8f9a48c34feb940ba2a.dir
      size: 58241
      nfiles: 2
    - path: data/raw
      hash: md5
      md5: 048f57586a28d1cb84e5a110341c98a9.dir
      size: 37842
      nfiles: 3
    - path: src/model/model_submission.py
      hash: md5
      md5: 4a8322814e84d7b84b7b1f31b625a3a4
      size: 2033
    outs:
    - path: models/submission
      hash: md5
      md5: 1261c0f72d42eff6fcf9f9d0b22c5777.dir
      size: 3258
      nfiles: 1
